
Microsoft Visual Studio Solution File, Format Version 12.00
# Visual Studio 2013
VisualStudioVersion = 12.0.30501.0
MinimumVisualStudioVersion = 10.0.40219.1
Project("{FAE04EC0-301F-11D3-BF4B-00C04F79EFBC}") = "TestUtils", "TestUtils\TestUtils.csproj", "{5660FDAB-45B9-4BB8-B5B6-D225A22D1546}"
EndProject
Project("{FAE04EC0-301F-11D3-BF4B-00C04F79EFBC}") = "TestTestUtils", "TestTestUtils\TestTestUtils.csproj", "{6721A775-C365-418F-8FA3-03ADAFEE5D51}"
EndProject
Global
	GlobalSection(SolutionConfigurationPlatforms) = preSolution
		Debug|Any CPU = Debug|Any CPU
		Release|Any CPU = Release|Any CPU
	EndGlobalSection
	GlobalSection(ProjectConfigurationPlatforms) = postSolution
		{5660FDAB-45B9-4BB8-B5B6-D225A22D1546}.Debug|Any CPU.ActiveCfg = Debug|Any CPU
		{5660FDAB-45B9-4BB8-B5B6-D225A22D1546}.Debug|Any CPU.Build.0 = Debug|Any CPU
		{5660FDAB-45B9-4BB8-B5B6-D225A22D1546}.Release|Any CPU.ActiveCfg = Release|Any CPU
		{5660FDAB-45B9-4BB8-B5B6-D225A22D1546}.Release|Any CPU.Build.0 = Release|Any CPU
		{6721A775-C365-418F-8FA3-03ADAFEE5D51}.Debug|Any CPU.ActiveCfg = Debug|Any CPU
		{6721A775-C365-418F-8FA3-03ADAFEE5D51}.Debug|Any CPU.Build.0 = Debug|Any CPU
		{6721A775-C365-418F-8FA3-03ADAFEE5D51}.Release|Any CPU.ActiveCfg = Release|Any CPU
		{6721A775-C365-418F-8FA3-03ADAFEE5D51}.Release|Any CPU.Build.0 = Release|Any CPU
	EndGlobalSection
	GlobalSection(SolutionProperties) = preSolution
		HideSolutionNode = FALSE
	EndGlobalSection
EndGlobal
